
Microsoft Visual Studio Solution File, Format Version 12.00
# Visual Studio Version 17
VisualStudioVersion = 17.10.35122.118
MinimumVisualStudioVersion = 10.0.40219.1
Project("{FAE04EC0-301F-11D3-BF4B-00C04F79EFBC}") = "MyAppJenkins", "MyAppJenkins\MyAppJenkins.csproj", "{395CBDDC-D89D-4A73-A792-BA0BBD50EA9B}"
EndProject
Global
	GlobalSection(SolutionConfigurationPlatforms) = preSolution
		Debug|Any CPU = Debug|Any CPU
		Release|Any CPU = Release|Any CPU
	EndGlobalSection
	GlobalSection(ProjectConfigurationPlatforms) = postSolution
		{395CBDDC-D89D-4A73-A792-BA0BBD50EA9B}.Debug|Any CPU.ActiveCfg = Debug|Any CPU
		{395CBDDC-D89D-4A73-A792-BA0BBD50EA9B}.Debug|Any CPU.Build.0 = Debug|Any CPU
		{395CBDDC-D89D-4A73-A792-BA0BBD50EA9B}.Release|Any CPU.ActiveCfg = Release|Any CPU
		{395CBDDC-D89D-4A73-A792-BA0BBD50EA9B}.Release|Any CPU.Build.0 = Release|Any CPU
	EndGlobalSection
	GlobalSection(SolutionProperties) = preSolution
		HideSolutionNode = FALSE
	EndGlobalSection
	GlobalSection(ExtensibilityGlobals) = postSolution
		SolutionGuid = {00E646D4-DF95-4EB2-A5AB-80C52567142F}
	EndGlobalSection
EndGlobal
